DEPENDENCIES
  app-attributes
    path: site-cookbooks/app-attributes
  app-deploy
    path: site-cookbooks/app-deploy
  app-hostname
    path: site-cookbooks/app-hostname
  app-nginx
    path: site-cookbooks/app-nginx
  app-nodejs
    path: site-cookbooks/app-nodejs
  app-postgresql
    path: site-cookbooks/app-postgresql
  app-redis
    path: site-cookbooks/app-redis
  app-ruby
    path: site-cookbooks/app-ruby
  app-sudo
    path: site-cookbooks/app-sudo
  app-users
    path: site-cookbooks/app-users
  deploy_resource (~> 1.0.2)
  hostname (~> 0.4.2)
  nginx (~> 9.0.0)
  nodejs (~> 5.0.0)
  postgresql_lwrp (~> 1.4.2)
  redisio (~> 3.0.0)
  ruby_rbenv (~> 2.1.2)
  sudo (~> 5.4.4)
  users (~> 5.4.0)

GRAPH
  app-attributes (0.1.0)
  app-deploy (0.1.0)
    app-attributes (>= 0.0.0)
    app-users (>= 0.0.0)
    deploy_resource (>= 0.0.0)
  app-hostname (0.1.0)
    hostname (>= 0.0.0)
  app-nginx (0.1.0)
    app-attributes (>= 0.0.0)
    app-users (>= 0.0.0)
    nginx (>= 0.0.0)
  app-nodejs (0.1.0)
    app-attributes (>= 0.0.0)
    nodejs (>= 0.0.0)
  app-postgresql (0.1.0)
    app-attributes (>= 0.0.0)
    apt (>= 0.0.0)
    postgresql_lwrp (>= 0.0.0)
  app-redis (0.1.0)
    redisio (>= 0.0.0)
  app-ruby (0.1.0)
    app-attributes (>= 0.0.0)
    ruby_rbenv (>= 0.0.0)
  app-sudo (0.1.0)
    sudo (>= 0.0.0)
  app-users (0.1.0)
    app-attributes (>= 0.0.0)
    users (>= 0.0.0)
  apt (7.1.1)
  ark (4.0.0)
    build-essential (>= 0.0.0)
    seven_zip (>= 0.0.0)
  build-essential (8.2.1)
    mingw (>= 1.1)
    seven_zip (>= 0.0.0)
  cron (6.2.1)
  deploy_resource (1.0.2)
  hostname (0.4.2)
    hostsfile (>= 0.0.0)
  hostsfile (3.0.1)
  mingw (2.1.0)
    seven_zip (>= 0.0.0)
  nginx (9.0.0)
    build-essential (>= 5.0)
    ohai (>= 4.1.0)
    yum-epel (>= 0.0.0)
  nodejs (5.0.0)
    ark (>= 2.0.2)
    build-essential (>= 0.0.0)
  ohai (5.2.5)
  poise (2.8.2)
  poise-archive (1.5.0)
    poise (~> 2.6)
  poise-languages (2.1.2)
    poise (~> 2.5)
    poise-archive (~> 1.0)
  poise-python (1.7.0)
    poise (~> 2.7)
    poise-languages (~> 2.0)
  postgresql_lwrp (1.4.2)
    apt (>= 0.0.0)
    cron (>= 0.0.0)
    poise-python (>= 1.7.0)
  redisio (3.0.0)
    build-essential (>= 5.0)
    selinux_policy (>= 0.0.0)
    ulimit (>= 0.1.2)
  ruby_rbenv (2.1.2)
  selinux_policy (2.3.4)
  seven_zip (3.1.0)
    windows (>= 0.0.0)
  sudo (5.4.4)
  ulimit (1.0.0)
  users (5.4.0)
  windows (5.2.3)
  yum-epel (3.3.0)
